{
  "name": "Summer2025SWD392_SE1703_Group1",
  "lockfileVersion": 3,
  "requires": true,
  "packages": {
    "": {
      "devDependencies": {
        "@stagewise/toolbar": "^0.6.2"
      }
    },
    "node_modules/@stagewise/toolbar": {
      "version": "0.6.2",
      "resolved": "https://registry.npmjs.org/@stagewise/toolbar/-/toolbar-0.6.2.tgz",
      "integrity": "sha512-WN7PWaOT6YQKjJYL4/85V5UU0eZEws+/UBT/J4wJOEbFxoluLuchqh7xVTmUZTtw0q0xpzlgX8Vb0kAZf/pjmw==",
      "dev": true,
      "license": "AGPL-3.0-only"
    }
  }
}
