{
  "name": "Summer2025SWD391_SE1703_Group1",
  "lockfileVersion": 3,
  "requires": true,
  "packages": {
    "": {
      "devDependencies": {
        "@stagewise/toolbar": "^0.6.1"
      }
    },
    "node_modules/@stagewise/toolbar": {
      "version": "0.6.1",
      "resolved": "https://registry.npmjs.org/@stagewise/toolbar/-/toolbar-0.6.1.tgz",
      "integrity": "sha512-+oEDavuKT6QsGzTD44g3sxDLPa6RAbtvQMT7PIyL8YWYUNWbK2OJVgzxdinP/osGCdcomsNGk2VbtQQfO/ToXw==",
      "dev": true,
      "license": "AGPL-3.0-only"
    }
  }
}